id: EnvolventeComplejaPM
label: QT GUI EnvolventeComplejaPM_J1A
category: '[Modulos_J1A]'
flags: need_qt_gui

parameters:
-   id: Ac
    label: Amplitud de portadora
    dtype: real
    default: '1'
    hide: none
-   id: Kp
    label: Coeficiente Modulacion PM
    dtype: real
    default: '1'
    hide: none
-   id: gui_hint
    label: GUI Hint
    dtype: gui_hint
    hide: part

inputs:
-   label: in
    dtype: float
    vlen: 1

outputs:
-   label: out
    dtype: complex
    vlen: 1

templates:
    imports: 'from EnvolventeComplejaPM import EnvolventeComplejaPM  # grc-generated
        hier_block'
    make: "EnvolventeComplejaPM(\n    Ac=${ Ac },\n    Kp=${ Kp },\n)\n<% win = 'self.%s'%id\
        \ %>\n${ gui_hint() % win }"
    callbacks:
    - set_Ac(${ Ac })
    - set_Kp(${ Kp })

documentation: 'J1A_G5

    /home/labcom/Documentos/Comunicaciones_J1A/Lab4/EnvolventeComplejaPM.py'
grc_source: /home/labcom/Documentos/Comunicaciones_J1A/Lab4/Envolvente_Compleja_PM.grc

file_format: 1
