id: CalculoPotencia
label: QT GUI CalculoPotencia
category: '[Modulos_J1A]'
flags: need_qt_gui

parameters:
-   id: I_vect
    label: Longitud FFT
    dtype: int
    default: '1024'
    hide: none
-   id: gui_hint
    label: GUI Hint
    dtype: gui_hint
    hide: part

inputs:
-   label: in
    dtype: float
    vlen: 1

outputs: []

templates:
    imports: 'from CalculoPotencia import CalculoPotencia  # grc-generated hier_block'
    make: "CalculoPotencia(\n    I_vect=${ I_vect },\n)\n<% win = 'self.%s'%id %>\n\
        ${ gui_hint() % win }"
    callbacks:
    - set_I_vect(${ I_vect })

documentation: 'J1A_G5

    /home/labcom/Documentos/Comunicaciones_J1A/Lab3/CalculoPotencia.py'
grc_source: /home/labcom/Documentos/Comunicaciones_J1A/Lab3/Lab3.grc

file_format: 1
